
Microsoft Visual Studio Solution File, Format Version 12.00
# Visual Studio 2012
Project("{FAE04EC0-301F-11D3-BF4B-00C04F79EFBC}") = "Xamarin.Android.ActivityController", "Xamarin.Android.ActivityController\Xamarin.Android.ActivityController.csproj", "{520D62E8-76B4-4387-9CF0-C8E1D8D60253}"
EndProject
Project("{FAE04EC0-301F-11D3-BF4B-00C04F79EFBC}") = "Sample", "Sample\Sample.csproj", "{7C81088B-3E56-40C8-AE3A-CEACC83CF4CF}"
EndProject
Global
	GlobalSection(SolutionConfigurationPlatforms) = preSolution
		Debug|Any CPU = Debug|Any CPU
		Release|Any CPU = Release|Any CPU
	EndGlobalSection
	GlobalSection(ProjectConfigurationPlatforms) = postSolution
		{520D62E8-76B4-4387-9CF0-C8E1D8D60253}.Debug|Any CPU.ActiveCfg = Debug|Any CPU
		{520D62E8-76B4-4387-9CF0-C8E1D8D60253}.Debug|Any CPU.Build.0 = Debug|Any CPU
		{520D62E8-76B4-4387-9CF0-C8E1D8D60253}.Release|Any CPU.ActiveCfg = Release|Any CPU
		{520D62E8-76B4-4387-9CF0-C8E1D8D60253}.Release|Any CPU.Build.0 = Release|Any CPU
		{7C81088B-3E56-40C8-AE3A-CEACC83CF4CF}.Debug|Any CPU.ActiveCfg = Debug|Any CPU
		{7C81088B-3E56-40C8-AE3A-CEACC83CF4CF}.Debug|Any CPU.Build.0 = Debug|Any CPU
		{7C81088B-3E56-40C8-AE3A-CEACC83CF4CF}.Release|Any CPU.ActiveCfg = Release|Any CPU
		{7C81088B-3E56-40C8-AE3A-CEACC83CF4CF}.Release|Any CPU.Build.0 = Release|Any CPU
	EndGlobalSection
EndGlobal
